
Microsoft Visual Studio Solution File, Format Version 12.00
# Visual Studio Version 17
VisualStudioVersion = 17.7.34202.233
MinimumVisualStudioVersion = 10.0.40219.1
Project("{FAE04EC0-301F-11D3-BF4B-00C04F79EFBC}") = "AplicacionToggleButton", "AplicacionToggleButton.csproj", "{7A163FED-487C-469C-887E-CC9216A99844}"
EndProject
Project("{FAE04EC0-301F-11D3-BF4B-00C04F79EFBC}") = "toggleButton", "..\toggleButton\toggleButton.csproj", "{5A04BA7B-9FFF-4164-92FF-D3BE749DEAD9}"
EndProject
Project("{FAE04EC0-301F-11D3-BF4B-00C04F79EFBC}") = "barraDeProgreso", "..\barraDeProgreso\barraDeProgreso.csproj", "{CD748319-9D0C-49BF-8ABC-0D53F8097166}"
EndProject
Global
	GlobalSection(SolutionConfigurationPlatforms) = preSolution
		Debug|Any CPU = Debug|Any CPU
		Release|Any CPU = Release|Any CPU
	EndGlobalSection
	GlobalSection(ProjectConfigurationPlatforms) = postSolution
		{7A163FED-487C-469C-887E-CC9216A99844}.Debug|Any CPU.ActiveCfg = Debug|Any CPU
		{7A163FED-487C-469C-887E-CC9216A99844}.Debug|Any CPU.Build.0 = Debug|Any CPU
		{7A163FED-487C-469C-887E-CC9216A99844}.Release|Any CPU.ActiveCfg = Release|Any CPU
		{7A163FED-487C-469C-887E-CC9216A99844}.Release|Any CPU.Build.0 = Release|Any CPU
		{5A04BA7B-9FFF-4164-92FF-D3BE749DEAD9}.Debug|Any CPU.ActiveCfg = Debug|Any CPU
		{5A04BA7B-9FFF-4164-92FF-D3BE749DEAD9}.Debug|Any CPU.Build.0 = Debug|Any CPU
		{5A04BA7B-9FFF-4164-92FF-D3BE749DEAD9}.Release|Any CPU.ActiveCfg = Release|Any CPU
		{5A04BA7B-9FFF-4164-92FF-D3BE749DEAD9}.Release|Any CPU.Build.0 = Release|Any CPU
		{CD748319-9D0C-49BF-8ABC-0D53F8097166}.Debug|Any CPU.ActiveCfg = Debug|Any CPU
		{CD748319-9D0C-49BF-8ABC-0D53F8097166}.Debug|Any CPU.Build.0 = Debug|Any CPU
		{CD748319-9D0C-49BF-8ABC-0D53F8097166}.Release|Any CPU.ActiveCfg = Release|Any CPU
		{CD748319-9D0C-49BF-8ABC-0D53F8097166}.Release|Any CPU.Build.0 = Release|Any CPU
	EndGlobalSection
	GlobalSection(SolutionProperties) = preSolution
		HideSolutionNode = FALSE
	EndGlobalSection
	GlobalSection(ExtensibilityGlobals) = postSolution
		SolutionGuid = {88273232-68B8-44BD-9FE2-0E006A9A6D6F}
	EndGlobalSection
EndGlobal
