
Microsoft Visual Studio Solution File, Format Version 12.00
# Visual Studio Version 17
VisualStudioVersion = 17.9.34616.47
MinimumVisualStudioVersion = 10.0.40219.1
Project("{FAE04EC0-301F-11D3-BF4B-00C04F79EFBC}") = "conversorPDFaTXT", "conversorPDFaTXT.csproj", "{E067DF35-1CB1-41A7-AF98-AB364FB06951}"
EndProject
Global
	GlobalSection(SolutionConfigurationPlatforms) = preSolution
		Debug|Any CPU = Debug|Any CPU
		Release|Any CPU = Release|Any CPU
	EndGlobalSection
	GlobalSection(ProjectConfigurationPlatforms) = postSolution
		{E067DF35-1CB1-41A7-AF98-AB364FB06951}.Debug|Any CPU.ActiveCfg = Debug|Any CPU
		{E067DF35-1CB1-41A7-AF98-AB364FB06951}.Debug|Any CPU.Build.0 = Debug|Any CPU
		{E067DF35-1CB1-41A7-AF98-AB364FB06951}.Release|Any CPU.ActiveCfg = Release|Any CPU
		{E067DF35-1CB1-41A7-AF98-AB364FB06951}.Release|Any CPU.Build.0 = Release|Any CPU
	EndGlobalSection
	GlobalSection(SolutionProperties) = preSolution
		HideSolutionNode = FALSE
	EndGlobalSection
	GlobalSection(ExtensibilityGlobals) = postSolution
		SolutionGuid = {E3AE4350-9528-41A0-ADA7-D908E644614A}
	EndGlobalSection
EndGlobal
