
Microsoft Visual Studio Solution File, Format Version 12.00
# Visual Studio Version 17
VisualStudioVersion = 17.7.34202.233
MinimumVisualStudioVersion = 10.0.40219.1
Project("{FAE04EC0-301F-11D3-BF4B-00C04F79EFBC}") = "calculadoraSalario", "calculadoraSalario.csproj", "{6B388505-E825-4387-AB8C-66BB2F40138D}"
EndProject
Global
	GlobalSection(SolutionConfigurationPlatforms) = preSolution
		Debug|Any CPU = Debug|Any CPU
		Release|Any CPU = Release|Any CPU
	EndGlobalSection
	GlobalSection(ProjectConfigurationPlatforms) = postSolution
		{6B388505-E825-4387-AB8C-66BB2F40138D}.Debug|Any CPU.ActiveCfg = Debug|Any CPU
		{6B388505-E825-4387-AB8C-66BB2F40138D}.Debug|Any CPU.Build.0 = Debug|Any CPU
		{6B388505-E825-4387-AB8C-66BB2F40138D}.Release|Any CPU.ActiveCfg = Release|Any CPU
		{6B388505-E825-4387-AB8C-66BB2F40138D}.Release|Any CPU.Build.0 = Release|Any CPU
	EndGlobalSection
	GlobalSection(SolutionProperties) = preSolution
		HideSolutionNode = FALSE
	EndGlobalSection
	GlobalSection(ExtensibilityGlobals) = postSolution
		SolutionGuid = {DF4950F7-0D5E-4F05-8F00-C621819D1ED4}
	EndGlobalSection
EndGlobal
