
Microsoft Visual Studio Solution File, Format Version 12.00
# Visual Studio Version 17
VisualStudioVersion = 17.7.34202.233
MinimumVisualStudioVersion = 10.0.40219.1
Project("{FAE04EC0-301F-11D3-BF4B-00C04F79EFBC}") = "CarmonaJuanManuelComponenteExamenT4", "CarmonaJuanManuelComponenteExamenT4.csproj", "{6DFDDF76-C9FC-4670-94CA-53103ACB4153}"
EndProject
Global
	GlobalSection(SolutionConfigurationPlatforms) = preSolution
		Debug|Any CPU = Debug|Any CPU
		Release|Any CPU = Release|Any CPU
	EndGlobalSection
	GlobalSection(ProjectConfigurationPlatforms) = postSolution
		{6DFDDF76-C9FC-4670-94CA-53103ACB4153}.Debug|Any CPU.ActiveCfg = Debug|Any CPU
		{6DFDDF76-C9FC-4670-94CA-53103ACB4153}.Debug|Any CPU.Build.0 = Debug|Any CPU
		{6DFDDF76-C9FC-4670-94CA-53103ACB4153}.Release|Any CPU.ActiveCfg = Release|Any CPU
		{6DFDDF76-C9FC-4670-94CA-53103ACB4153}.Release|Any CPU.Build.0 = Release|Any CPU
	EndGlobalSection
	GlobalSection(SolutionProperties) = preSolution
		HideSolutionNode = FALSE
	EndGlobalSection
	GlobalSection(ExtensibilityGlobals) = postSolution
		SolutionGuid = {EF0E5468-5AA5-4D20-AA39-D22D3B3AF6E3}
	EndGlobalSection
EndGlobal
