
Microsoft Visual Studio Solution File, Format Version 12.00
# Visual Studio Version 17
VisualStudioVersion = 17.7.34202.233
MinimumVisualStudioVersion = 10.0.40219.1
Project("{FAE04EC0-301F-11D3-BF4B-00C04F79EFBC}") = "relojDigital", "relojDigital.csproj", "{33726B04-D231-4FFE-8BDF-2D6F67271164}"
EndProject
Global
	GlobalSection(SolutionConfigurationPlatforms) = preSolution
		Debug|Any CPU = Debug|Any CPU
		Release|Any CPU = Release|Any CPU
	EndGlobalSection
	GlobalSection(ProjectConfigurationPlatforms) = postSolution
		{33726B04-D231-4FFE-8BDF-2D6F67271164}.Debug|Any CPU.ActiveCfg = Debug|Any CPU
		{33726B04-D231-4FFE-8BDF-2D6F67271164}.Debug|Any CPU.Build.0 = Debug|Any CPU
		{33726B04-D231-4FFE-8BDF-2D6F67271164}.Release|Any CPU.ActiveCfg = Release|Any CPU
		{33726B04-D231-4FFE-8BDF-2D6F67271164}.Release|Any CPU.Build.0 = Release|Any CPU
	EndGlobalSection
	GlobalSection(SolutionProperties) = preSolution
		HideSolutionNode = FALSE
	EndGlobalSection
	GlobalSection(ExtensibilityGlobals) = postSolution
		SolutionGuid = {8240B890-74CC-40A3-981A-9DBD156822A3}
	EndGlobalSection
EndGlobal
