
Microsoft Visual Studio Solution File, Format Version 12.00
# Visual Studio Version 17
VisualStudioVersion = 17.7.34202.233
MinimumVisualStudioVersion = 10.0.40219.1
Project("{FAE04EC0-301F-11D3-BF4B-00C04F79EFBC}") = "WpfApp1", "WpfApp1.csproj", "{C2AF095D-D867-4A96-8E64-34A09AF7E18C}"
EndProject
Global
	GlobalSection(SolutionConfigurationPlatforms) = preSolution
		Debug|Any CPU = Debug|Any CPU
		Release|Any CPU = Release|Any CPU
	EndGlobalSection
	GlobalSection(ProjectConfigurationPlatforms) = postSolution
		{C2AF095D-D867-4A96-8E64-34A09AF7E18C}.Debug|Any CPU.ActiveCfg = Debug|Any CPU
		{C2AF095D-D867-4A96-8E64-34A09AF7E18C}.Debug|Any CPU.Build.0 = Debug|Any CPU
		{C2AF095D-D867-4A96-8E64-34A09AF7E18C}.Release|Any CPU.ActiveCfg = Release|Any CPU
		{C2AF095D-D867-4A96-8E64-34A09AF7E18C}.Release|Any CPU.Build.0 = Release|Any CPU
	EndGlobalSection
	GlobalSection(SolutionProperties) = preSolution
		HideSolutionNode = FALSE
	EndGlobalSection
	GlobalSection(ExtensibilityGlobals) = postSolution
		SolutionGuid = {1AE5BCD7-A927-4E20-820D-3FADE7AF8572}
	EndGlobalSection
EndGlobal
