
Microsoft Visual Studio Solution File, Format Version 12.00
# Visual Studio Version 17
VisualStudioVersion = 17.7.34202.233
MinimumVisualStudioVersion = 10.0.40219.1
Project("{FAE04EC0-301F-11D3-BF4B-00C04F79EFBC}") = "empleados", "empleados.csproj", "{AD6ED0ED-4EC7-4DEB-9460-080B6D419606}"
EndProject
Global
	GlobalSection(SolutionConfigurationPlatforms) = preSolution
		Debug|Any CPU = Debug|Any CPU
		Release|Any CPU = Release|Any CPU
	EndGlobalSection
	GlobalSection(ProjectConfigurationPlatforms) = postSolution
		{AD6ED0ED-4EC7-4DEB-9460-080B6D419606}.Debug|Any CPU.ActiveCfg = Debug|Any CPU
		{AD6ED0ED-4EC7-4DEB-9460-080B6D419606}.Debug|Any CPU.Build.0 = Debug|Any CPU
		{AD6ED0ED-4EC7-4DEB-9460-080B6D419606}.Release|Any CPU.ActiveCfg = Release|Any CPU
		{AD6ED0ED-4EC7-4DEB-9460-080B6D419606}.Release|Any CPU.Build.0 = Release|Any CPU
	EndGlobalSection
	GlobalSection(SolutionProperties) = preSolution
		HideSolutionNode = FALSE
	EndGlobalSection
	GlobalSection(ExtensibilityGlobals) = postSolution
		SolutionGuid = {60BA1831-2D54-4C2C-9E4C-EC4F744FE7AE}
	EndGlobalSection
EndGlobal
